
Microsoft Visual Studio Solution File, Format Version 12.00
# Visual Studio Version 17
VisualStudioVersion = 17.13.35931.197 d17.13
MinimumVisualStudioVersion = 10.0.40219.1
Project("{FAE04EC0-301F-11D3-BF4B-00C04F79EFBC}") = "02_CacaAoBugMVC", "02_CacaAoBugMVC.csproj", "{4E5FB839-9494-4E2B-A834-E1473D46111E}"
EndProject
Global
	GlobalSection(SolutionConfigurationPlatforms) = preSolution
		Debug|Any CPU = Debug|Any CPU
		Release|Any CPU = Release|Any CPU
	EndGlobalSection
	GlobalSection(ProjectConfigurationPlatforms) = postSolution
		{4E5FB839-9494-4E2B-A834-E1473D46111E}.Debug|Any CPU.ActiveCfg = Debug|Any CPU
		{4E5FB839-9494-4E2B-A834-E1473D46111E}.Debug|Any CPU.Build.0 = Debug|Any CPU
		{4E5FB839-9494-4E2B-A834-E1473D46111E}.Release|Any CPU.ActiveCfg = Release|Any CPU
		{4E5FB839-9494-4E2B-A834-E1473D46111E}.Release|Any CPU.Build.0 = Release|Any CPU
	EndGlobalSection
	GlobalSection(SolutionProperties) = preSolution
		HideSolutionNode = FALSE
	EndGlobalSection
	GlobalSection(ExtensibilityGlobals) = postSolution
		SolutionGuid = {5C96D816-2706-4648-ACFA-A5CAE86C598D}
	EndGlobalSection
EndGlobal
